# Generated by pub
# See https://dart.dev/tools/pub/glossary#lockfile
packages:
  charcode:
    dependency: "direct main"
    description:
      name: charcode
      url: "https://pub.dartlang.org"
    source: hosted
    version: "1.2.0"
  dart_serial_port:
    dependency: "direct main"
    description:
      name: dart_serial_port
      url: "https://pub.dartlang.org"
    source: hosted
    version: "0.1.0-nullsafety.0"
  ffi:
    dependency: transitive
    description:
      name: ffi
      url: "https://pub.dartlang.org"
    source: hosted
    version: "0.2.0-nullsafety.1"
  pedantic:
    dependency: "direct dev"
    description:
      name: pedantic
      url: "https://pub.dartlang.org"
    source: hosted
    version: "1.10.0"
sdks:
  dart: ">=2.12.0-133.2.beta <3.0.0"
